
Microsoft Visual Studio Solution File, Format Version 12.00
# Visual Studio Version 16
Project("{8BC9CEB8-8B4A-11D0-8D11-00A0C91BC942}") = "ALL_BUILD", "ALL_BUILD.vcxproj", "{807F609B-FB76-373B-A4BA-5B8E460138DD}"
	ProjectSection(ProjectDependencies) = postProject
		{4E68CDD6-2A18-3CFC-BBA8-5D69929DE730} = {4E68CDD6-2A18-3CFC-BBA8-5D69929DE730}
		{15722803-D72C-3C3B-BB4F-6095ADAA6B7B} = {15722803-D72C-3C3B-BB4F-6095ADAA6B7B}
		{AE87C7ED-7B1C-3820-8CE7-45E2A9A6E89B} = {AE87C7ED-7B1C-3820-8CE7-45E2A9A6E89B}
		{0E263646-2240-3417-A22C-2E041E136ED3} = {0E263646-2240-3417-A22C-2E041E136ED3}
		{68BC65F3-1D37-3069-9654-641CCC9A7921} = {68BC65F3-1D37-3069-9654-641CCC9A7921}
		{17F7EAC0-47DB-306E-9E26-175599F48DF4} = {17F7EAC0-47DB-306E-9E26-175599F48DF4}
		{5993A83C-7950-3CFE-8B76-C22BE2C2C03E} = {5993A83C-7950-3CFE-8B76-C22BE2C2C03E}
		{8C94E313-453A-34D6-B58F-89B15C4AEB26} = {8C94E313-453A-34D6-B58F-89B15C4AEB26}
		{41FF5225-C540-3558-85BB-132C134083E7} = {41FF5225-C540-3558-85BB-132C134083E7}
		{D0DEFDB4-EA58-3562-ADBE-1E28BEE3B981} = {D0DEFDB4-EA58-3562-ADBE-1E28BEE3B981}
		{79489EAB-2E56-32AD-BB1A-96325D2E5FE3} = {79489EAB-2E56-32AD-BB1A-96325D2E5FE3}
		{FD84B563-9336-352C-B0B6-2A4930004601} = {FD84B563-9336-352C-B0B6-2A4930004601}
		{CEF5C491-F313-39F0-850C-5AE1B2D3E4C5} = {CEF5C491-F313-39F0-850C-5AE1B2D3E4C5}
		{87B66187-C2F0-362D-9E31-1B29560725CD} = {87B66187-C2F0-362D-9E31-1B29560725CD}
		{2EC96826-3510-37ED-96D2-0E3D3DCE285C} = {2EC96826-3510-37ED-96D2-0E3D3DCE285C}
		{F3793F3E-C772-38BF-B1B3-1038D9450ACB} = {F3793F3E-C772-38BF-B1B3-1038D9450ACB}
		{729ED9EB-9898-3864-8A08-76CC68176208} = {729ED9EB-9898-3864-8A08-76CC68176208}
		{E50083F0-D974-3395-9480-F584DD06F45E} = {E50083F0-D974-3395-9480-F584DD06F45E}
		{31AA19CE-F9E9-3B31-95F3-030D7AA6E09F} = {31AA19CE-F9E9-3B31-95F3-030D7AA6E09F}
		{121EC6D9-9097-3401-809E-E0732E528B74} = {121EC6D9-9097-3401-809E-E0732E528B74}
		{EBB82C92-3750-3A62-92B4-B51F73E932EC} = {EBB82C92-3750-3A62-92B4-B51F73E932EC}
		{6FE4089D-2F49-3892-A4A5-9D033AB0CE77} = {6FE4089D-2F49-3892-A4A5-9D033AB0CE77}
		{E0FBE818-CCED-3198-BF66-01EC76660E91} = {E0FBE818-CCED-3198-BF66-01EC76660E91}
		{A8DB3BE9-A345-3718-B0D0-602655032BA1} = {A8DB3BE9-A345-3718-B0D0-602655032BA1}
		{A1C70B44-60E5-321A-BAF3-8A6D1E9E550B} = {A1C70B44-60E5-321A-BAF3-8A6D1E9E550B}
		{245910D5-36F9-394E-ADB2-2057387EC867} = {245910D5-36F9-394E-ADB2-2057387EC867}
		{447BF676-1BB2-32F9-B444-07E4DC416B2D} = {447BF676-1BB2-32F9-B444-07E4DC416B2D}
	EndProjectSection
EndProject
Project("{8BC9CEB8-8B4A-11D0-8D11-00A0C91BC942}") = "CallbackMaker", "CallbackMaker.vcxproj", "{4E68CDD6-2A18-3CFC-BBA8-5D69929DE730}"
	ProjectSection(ProjectDependencies) = postProject
		{CEF5C491-F313-39F0-850C-5AE1B2D3E4C5} = {CEF5C491-F313-39F0-850C-5AE1B2D3E4C5}
		{87B66187-C2F0-362D-9E31-1B29560725CD} = {87B66187-C2F0-362D-9E31-1B29560725CD}
	EndProjectSection
EndProject
Project("{8BC9CEB8-8B4A-11D0-8D11-00A0C91BC942}") = "CallbackMaker_static", "CallbackMaker_static.vcxproj", "{15722803-D72C-3C3B-BB4F-6095ADAA6B7B}"
	ProjectSection(ProjectDependencies) = postProject
		{CEF5C491-F313-39F0-850C-5AE1B2D3E4C5} = {CEF5C491-F313-39F0-850C-5AE1B2D3E4C5}
		{2EC96826-3510-37ED-96D2-0E3D3DCE285C} = {2EC96826-3510-37ED-96D2-0E3D3DCE285C}
	EndProjectSection
EndProject
Project("{8BC9CEB8-8B4A-11D0-8D11-00A0C91BC942}") = "Fractals", "Fractals.vcxproj", "{AE87C7ED-7B1C-3820-8CE7-45E2A9A6E89B}"
	ProjectSection(ProjectDependencies) = postProject
		{CEF5C491-F313-39F0-850C-5AE1B2D3E4C5} = {CEF5C491-F313-39F0-850C-5AE1B2D3E4C5}
		{87B66187-C2F0-362D-9E31-1B29560725CD} = {87B66187-C2F0-362D-9E31-1B29560725CD}
	EndProjectSection
EndProject
Project("{8BC9CEB8-8B4A-11D0-8D11-00A0C91BC942}") = "Fractals_random", "Fractals_random.vcxproj", "{0E263646-2240-3417-A22C-2E041E136ED3}"
	ProjectSection(ProjectDependencies) = postProject
		{CEF5C491-F313-39F0-850C-5AE1B2D3E4C5} = {CEF5C491-F313-39F0-850C-5AE1B2D3E4C5}
		{87B66187-C2F0-362D-9E31-1B29560725CD} = {87B66187-C2F0-362D-9E31-1B29560725CD}
	EndProjectSection
EndProject
Project("{8BC9CEB8-8B4A-11D0-8D11-00A0C91BC942}") = "Fractals_random_static", "Fractals_random_static.vcxproj", "{68BC65F3-1D37-3069-9654-641CCC9A7921}"
	ProjectSection(ProjectDependencies) = postProject
		{CEF5C491-F313-39F0-850C-5AE1B2D3E4C5} = {CEF5C491-F313-39F0-850C-5AE1B2D3E4C5}
		{2EC96826-3510-37ED-96D2-0E3D3DCE285C} = {2EC96826-3510-37ED-96D2-0E3D3DCE285C}
	EndProjectSection
EndProject
Project("{8BC9CEB8-8B4A-11D0-8D11-00A0C91BC942}") = "Fractals_static", "Fractals_static.vcxproj", "{17F7EAC0-47DB-306E-9E26-175599F48DF4}"
	ProjectSection(ProjectDependencies) = postProject
		{CEF5C491-F313-39F0-850C-5AE1B2D3E4C5} = {CEF5C491-F313-39F0-850C-5AE1B2D3E4C5}
		{2EC96826-3510-37ED-96D2-0E3D3DCE285C} = {2EC96826-3510-37ED-96D2-0E3D3DCE285C}
	EndProjectSection
EndProject
Project("{8BC9CEB8-8B4A-11D0-8D11-00A0C91BC942}") = "INSTALL", "INSTALL.vcxproj", "{C24F6D2F-C7B1-3BA4-A4DF-AAFFE4151ED8}"
	ProjectSection(ProjectDependencies) = postProject
		{807F609B-FB76-373B-A4BA-5B8E460138DD} = {807F609B-FB76-373B-A4BA-5B8E460138DD}
		{CEF5C491-F313-39F0-850C-5AE1B2D3E4C5} = {CEF5C491-F313-39F0-850C-5AE1B2D3E4C5}
	EndProjectSection
EndProject
Project("{8BC9CEB8-8B4A-11D0-8D11-00A0C91BC942}") = "Lorenz", "Lorenz.vcxproj", "{5993A83C-7950-3CFE-8B76-C22BE2C2C03E}"
	ProjectSection(ProjectDependencies) = postProject
		{CEF5C491-F313-39F0-850C-5AE1B2D3E4C5} = {CEF5C491-F313-39F0-850C-5AE1B2D3E4C5}
		{87B66187-C2F0-362D-9E31-1B29560725CD} = {87B66187-C2F0-362D-9E31-1B29560725CD}
	EndProjectSection
EndProject
Project("{8BC9CEB8-8B4A-11D0-8D11-00A0C91BC942}") = "Lorenz_static", "Lorenz_static.vcxproj", "{8C94E313-453A-34D6-B58F-89B15C4AEB26}"
	ProjectSection(ProjectDependencies) = postProject
		{CEF5C491-F313-39F0-850C-5AE1B2D3E4C5} = {CEF5C491-F313-39F0-850C-5AE1B2D3E4C5}
		{2EC96826-3510-37ED-96D2-0E3D3DCE285C} = {2EC96826-3510-37ED-96D2-0E3D3DCE285C}
	EndProjectSection
EndProject
Project("{8BC9CEB8-8B4A-11D0-8D11-00A0C91BC942}") = "One", "One.vcxproj", "{41FF5225-C540-3558-85BB-132C134083E7}"
	ProjectSection(ProjectDependencies) = postProject
		{CEF5C491-F313-39F0-850C-5AE1B2D3E4C5} = {CEF5C491-F313-39F0-850C-5AE1B2D3E4C5}
		{87B66187-C2F0-362D-9E31-1B29560725CD} = {87B66187-C2F0-362D-9E31-1B29560725CD}
	EndProjectSection
EndProject
Project("{8BC9CEB8-8B4A-11D0-8D11-00A0C91BC942}") = "One_static", "One_static.vcxproj", "{D0DEFDB4-EA58-3562-ADBE-1E28BEE3B981}"
	ProjectSection(ProjectDependencies) = postProject
		{CEF5C491-F313-39F0-850C-5AE1B2D3E4C5} = {CEF5C491-F313-39F0-850C-5AE1B2D3E4C5}
		{2EC96826-3510-37ED-96D2-0E3D3DCE285C} = {2EC96826-3510-37ED-96D2-0E3D3DCE285C}
	EndProjectSection
EndProject
Project("{8BC9CEB8-8B4A-11D0-8D11-00A0C91BC942}") = "Resizer", "Resizer.vcxproj", "{79489EAB-2E56-32AD-BB1A-96325D2E5FE3}"
	ProjectSection(ProjectDependencies) = postProject
		{CEF5C491-F313-39F0-850C-5AE1B2D3E4C5} = {CEF5C491-F313-39F0-850C-5AE1B2D3E4C5}
		{87B66187-C2F0-362D-9E31-1B29560725CD} = {87B66187-C2F0-362D-9E31-1B29560725CD}
	EndProjectSection
EndProject
Project("{8BC9CEB8-8B4A-11D0-8D11-00A0C91BC942}") = "Resizer_static", "Resizer_static.vcxproj", "{FD84B563-9336-352C-B0B6-2A4930004601}"
	ProjectSection(ProjectDependencies) = postProject
		{CEF5C491-F313-39F0-850C-5AE1B2D3E4C5} = {CEF5C491-F313-39F0-850C-5AE1B2D3E4C5}
		{2EC96826-3510-37ED-96D2-0E3D3DCE285C} = {2EC96826-3510-37ED-96D2-0E3D3DCE285C}
	EndProjectSection
EndProject
Project("{8BC9CEB8-8B4A-11D0-8D11-00A0C91BC942}") = "ZERO_CHECK", "ZERO_CHECK.vcxproj", "{CEF5C491-F313-39F0-850C-5AE1B2D3E4C5}"
	ProjectSection(ProjectDependencies) = postProject
	EndProjectSection
EndProject
Project("{8BC9CEB8-8B4A-11D0-8D11-00A0C91BC942}") = "freeglut", "freeglut.vcxproj", "{87B66187-C2F0-362D-9E31-1B29560725CD}"
	ProjectSection(ProjectDependencies) = postProject
		{CEF5C491-F313-39F0-850C-5AE1B2D3E4C5} = {CEF5C491-F313-39F0-850C-5AE1B2D3E4C5}
	EndProjectSection
EndProject
Project("{8BC9CEB8-8B4A-11D0-8D11-00A0C91BC942}") = "freeglut_static", "freeglut_static.vcxproj", "{2EC96826-3510-37ED-96D2-0E3D3DCE285C}"
	ProjectSection(ProjectDependencies) = postProject
		{CEF5C491-F313-39F0-850C-5AE1B2D3E4C5} = {CEF5C491-F313-39F0-850C-5AE1B2D3E4C5}
	EndProjectSection
EndProject
Project("{8BC9CEB8-8B4A-11D0-8D11-00A0C91BC942}") = "multi-touch", "multi-touch.vcxproj", "{F3793F3E-C772-38BF-B1B3-1038D9450ACB}"
	ProjectSection(ProjectDependencies) = postProject
		{CEF5C491-F313-39F0-850C-5AE1B2D3E4C5} = {CEF5C491-F313-39F0-850C-5AE1B2D3E4C5}
		{87B66187-C2F0-362D-9E31-1B29560725CD} = {87B66187-C2F0-362D-9E31-1B29560725CD}
	EndProjectSection
EndProject
Project("{8BC9CEB8-8B4A-11D0-8D11-00A0C91BC942}") = "multi-touch_static", "multi-touch_static.vcxproj", "{729ED9EB-9898-3864-8A08-76CC68176208}"
	ProjectSection(ProjectDependencies) = postProject
		{CEF5C491-F313-39F0-850C-5AE1B2D3E4C5} = {CEF5C491-F313-39F0-850C-5AE1B2D3E4C5}
		{2EC96826-3510-37ED-96D2-0E3D3DCE285C} = {2EC96826-3510-37ED-96D2-0E3D3DCE285C}
	EndProjectSection
EndProject
Project("{8BC9CEB8-8B4A-11D0-8D11-00A0C91BC942}") = "shapes", "shapes.vcxproj", "{E50083F0-D974-3395-9480-F584DD06F45E}"
	ProjectSection(ProjectDependencies) = postProject
		{CEF5C491-F313-39F0-850C-5AE1B2D3E4C5} = {CEF5C491-F313-39F0-850C-5AE1B2D3E4C5}
		{87B66187-C2F0-362D-9E31-1B29560725CD} = {87B66187-C2F0-362D-9E31-1B29560725CD}
	EndProjectSection
EndProject
Project("{8BC9CEB8-8B4A-11D0-8D11-00A0C91BC942}") = "shapes_static", "shapes_static.vcxproj", "{31AA19CE-F9E9-3B31-95F3-030D7AA6E09F}"
	ProjectSection(ProjectDependencies) = postProject
		{CEF5C491-F313-39F0-850C-5AE1B2D3E4C5} = {CEF5C491-F313-39F0-850C-5AE1B2D3E4C5}
		{2EC96826-3510-37ED-96D2-0E3D3DCE285C} = {2EC96826-3510-37ED-96D2-0E3D3DCE285C}
	EndProjectSection
EndProject
Project("{8BC9CEB8-8B4A-11D0-8D11-00A0C91BC942}") = "smooth_opengl3", "smooth_opengl3.vcxproj", "{121EC6D9-9097-3401-809E-E0732E528B74}"
	ProjectSection(ProjectDependencies) = postProject
		{CEF5C491-F313-39F0-850C-5AE1B2D3E4C5} = {CEF5C491-F313-39F0-850C-5AE1B2D3E4C5}
		{87B66187-C2F0-362D-9E31-1B29560725CD} = {87B66187-C2F0-362D-9E31-1B29560725CD}
	EndProjectSection
EndProject
Project("{8BC9CEB8-8B4A-11D0-8D11-00A0C91BC942}") = "smooth_opengl3_static", "smooth_opengl3_static.vcxproj", "{EBB82C92-3750-3A62-92B4-B51F73E932EC}"
	ProjectSection(ProjectDependencies) = postProject
		{CEF5C491-F313-39F0-850C-5AE1B2D3E4C5} = {CEF5C491-F313-39F0-850C-5AE1B2D3E4C5}
		{2EC96826-3510-37ED-96D2-0E3D3DCE285C} = {2EC96826-3510-37ED-96D2-0E3D3DCE285C}
	EndProjectSection
EndProject
Project("{8BC9CEB8-8B4A-11D0-8D11-00A0C91BC942}") = "subwin", "subwin.vcxproj", "{6FE4089D-2F49-3892-A4A5-9D033AB0CE77}"
	ProjectSection(ProjectDependencies) = postProject
		{CEF5C491-F313-39F0-850C-5AE1B2D3E4C5} = {CEF5C491-F313-39F0-850C-5AE1B2D3E4C5}
		{87B66187-C2F0-362D-9E31-1B29560725CD} = {87B66187-C2F0-362D-9E31-1B29560725CD}
	EndProjectSection
EndProject
Project("{8BC9CEB8-8B4A-11D0-8D11-00A0C91BC942}") = "subwin_static", "subwin_static.vcxproj", "{E0FBE818-CCED-3198-BF66-01EC76660E91}"
	ProjectSection(ProjectDependencies) = postProject
		{CEF5C491-F313-39F0-850C-5AE1B2D3E4C5} = {CEF5C491-F313-39F0-850C-5AE1B2D3E4C5}
		{2EC96826-3510-37ED-96D2-0E3D3DCE285C} = {2EC96826-3510-37ED-96D2-0E3D3DCE285C}
	EndProjectSection
EndProject
Project("{8BC9CEB8-8B4A-11D0-8D11-00A0C91BC942}") = "timer", "timer.vcxproj", "{A8DB3BE9-A345-3718-B0D0-602655032BA1}"
	ProjectSection(ProjectDependencies) = postProject
		{CEF5C491-F313-39F0-850C-5AE1B2D3E4C5} = {CEF5C491-F313-39F0-850C-5AE1B2D3E4C5}
		{87B66187-C2F0-362D-9E31-1B29560725CD} = {87B66187-C2F0-362D-9E31-1B29560725CD}
	EndProjectSection
EndProject
Project("{8BC9CEB8-8B4A-11D0-8D11-00A0C91BC942}") = "timer_callback", "timer_callback.vcxproj", "{A1C70B44-60E5-321A-BAF3-8A6D1E9E550B}"
	ProjectSection(ProjectDependencies) = postProject
		{CEF5C491-F313-39F0-850C-5AE1B2D3E4C5} = {CEF5C491-F313-39F0-850C-5AE1B2D3E4C5}
		{87B66187-C2F0-362D-9E31-1B29560725CD} = {87B66187-C2F0-362D-9E31-1B29560725CD}
	EndProjectSection
EndProject
Project("{8BC9CEB8-8B4A-11D0-8D11-00A0C91BC942}") = "timer_callback_static", "timer_callback_static.vcxproj", "{245910D5-36F9-394E-ADB2-2057387EC867}"
	ProjectSection(ProjectDependencies) = postProject
		{CEF5C491-F313-39F0-850C-5AE1B2D3E4C5} = {CEF5C491-F313-39F0-850C-5AE1B2D3E4C5}
		{2EC96826-3510-37ED-96D2-0E3D3DCE285C} = {2EC96826-3510-37ED-96D2-0E3D3DCE285C}
	EndProjectSection
EndProject
Project("{8BC9CEB8-8B4A-11D0-8D11-00A0C91BC942}") = "timer_static", "timer_static.vcxproj", "{447BF676-1BB2-32F9-B444-07E4DC416B2D}"
	ProjectSection(ProjectDependencies) = postProject
		{CEF5C491-F313-39F0-850C-5AE1B2D3E4C5} = {CEF5C491-F313-39F0-850C-5AE1B2D3E4C5}
		{2EC96826-3510-37ED-96D2-0E3D3DCE285C} = {2EC96826-3510-37ED-96D2-0E3D3DCE285C}
	EndProjectSection
EndProject
Global
	GlobalSection(SolutionConfigurationPlatforms) = preSolution
		Debug|x64 = Debug|x64
		Release|x64 = Release|x64
		MinSizeRel|x64 = MinSizeRel|x64
		RelWithDebInfo|x64 = RelWithDebInfo|x64
	EndGlobalSection
	GlobalSection(ProjectConfigurationPlatforms) = postSolution
		{807F609B-FB76-373B-A4BA-5B8E460138DD}.Debug|x64.ActiveCfg = Debug|x64
		{807F609B-FB76-373B-A4BA-5B8E460138DD}.Debug|x64.Build.0 = Debug|x64
		{807F609B-FB76-373B-A4BA-5B8E460138DD}.Release|x64.ActiveCfg = Release|x64
		{807F609B-FB76-373B-A4BA-5B8E460138DD}.Release|x64.Build.0 = Release|x64
		{807F609B-FB76-373B-A4BA-5B8E460138DD}.MinSizeRel|x64.ActiveCfg = MinSizeRel|x64
		{807F609B-FB76-373B-A4BA-5B8E460138DD}.MinSizeRel|x64.Build.0 = MinSizeRel|x64
		{807F609B-FB76-373B-A4BA-5B8E460138DD}.RelWithDebInfo|x64.ActiveCfg = RelWithDebInfo|x64
		{807F609B-FB76-373B-A4BA-5B8E460138DD}.RelWithDebInfo|x64.Build.0 = RelWithDebInfo|x64
		{4E68CDD6-2A18-3CFC-BBA8-5D69929DE730}.Debug|x64.ActiveCfg = Debug|x64
		{4E68CDD6-2A18-3CFC-BBA8-5D69929DE730}.Debug|x64.Build.0 = Debug|x64
		{4E68CDD6-2A18-3CFC-BBA8-5D69929DE730}.Release|x64.ActiveCfg = Release|x64
		{4E68CDD6-2A18-3CFC-BBA8-5D69929DE730}.Release|x64.Build.0 = Release|x64
		{4E68CDD6-2A18-3CFC-BBA8-5D69929DE730}.MinSizeRel|x64.ActiveCfg = MinSizeRel|x64
		{4E68CDD6-2A18-3CFC-BBA8-5D69929DE730}.MinSizeRel|x64.Build.0 = MinSizeRel|x64
		{4E68CDD6-2A18-3CFC-BBA8-5D69929DE730}.RelWithDebInfo|x64.ActiveCfg = RelWithDebInfo|x64
		{4E68CDD6-2A18-3CFC-BBA8-5D69929DE730}.RelWithDebInfo|x64.Build.0 = RelWithDebInfo|x64
		{15722803-D72C-3C3B-BB4F-6095ADAA6B7B}.Debug|x64.ActiveCfg = Debug|x64
		{15722803-D72C-3C3B-BB4F-6095ADAA6B7B}.Debug|x64.Build.0 = Debug|x64
		{15722803-D72C-3C3B-BB4F-6095ADAA6B7B}.Release|x64.ActiveCfg = Release|x64
		{15722803-D72C-3C3B-BB4F-6095ADAA6B7B}.Release|x64.Build.0 = Release|x64
		{15722803-D72C-3C3B-BB4F-6095ADAA6B7B}.MinSizeRel|x64.ActiveCfg = MinSizeRel|x64
		{15722803-D72C-3C3B-BB4F-6095ADAA6B7B}.MinSizeRel|x64.Build.0 = MinSizeRel|x64
		{15722803-D72C-3C3B-BB4F-6095ADAA6B7B}.RelWithDebInfo|x64.ActiveCfg = RelWithDebInfo|x64
		{15722803-D72C-3C3B-BB4F-6095ADAA6B7B}.RelWithDebInfo|x64.Build.0 = RelWithDebInfo|x64
		{AE87C7ED-7B1C-3820-8CE7-45E2A9A6E89B}.Debug|x64.ActiveCfg = Debug|x64
		{AE87C7ED-7B1C-3820-8CE7-45E2A9A6E89B}.Debug|x64.Build.0 = Debug|x64
		{AE87C7ED-7B1C-3820-8CE7-45E2A9A6E89B}.Release|x64.ActiveCfg = Release|x64
		{AE87C7ED-7B1C-3820-8CE7-45E2A9A6E89B}.Release|x64.Build.0 = Release|x64
		{AE87C7ED-7B1C-3820-8CE7-45E2A9A6E89B}.MinSizeRel|x64.ActiveCfg = MinSizeRel|x64
		{AE87C7ED-7B1C-3820-8CE7-45E2A9A6E89B}.MinSizeRel|x64.Build.0 = MinSizeRel|x64
		{AE87C7ED-7B1C-3820-8CE7-45E2A9A6E89B}.RelWithDebInfo|x64.ActiveCfg = RelWithDebInfo|x64
		{AE87C7ED-7B1C-3820-8CE7-45E2A9A6E89B}.RelWithDebInfo|x64.Build.0 = RelWithDebInfo|x64
		{0E263646-2240-3417-A22C-2E041E136ED3}.Debug|x64.ActiveCfg = Debug|x64
		{0E263646-2240-3417-A22C-2E041E136ED3}.Debug|x64.Build.0 = Debug|x64
		{0E263646-2240-3417-A22C-2E041E136ED3}.Release|x64.ActiveCfg = Release|x64
		{0E263646-2240-3417-A22C-2E041E136ED3}.Release|x64.Build.0 = Release|x64
		{0E263646-2240-3417-A22C-2E041E136ED3}.MinSizeRel|x64.ActiveCfg = MinSizeRel|x64
		{0E263646-2240-3417-A22C-2E041E136ED3}.MinSizeRel|x64.Build.0 = MinSizeRel|x64
		{0E263646-2240-3417-A22C-2E041E136ED3}.RelWithDebInfo|x64.ActiveCfg = RelWithDebInfo|x64
		{0E263646-2240-3417-A22C-2E041E136ED3}.RelWithDebInfo|x64.Build.0 = RelWithDebInfo|x64
		{68BC65F3-1D37-3069-9654-641CCC9A7921}.Debug|x64.ActiveCfg = Debug|x64
		{68BC65F3-1D37-3069-9654-641CCC9A7921}.Debug|x64.Build.0 = Debug|x64
		{68BC65F3-1D37-3069-9654-641CCC9A7921}.Release|x64.ActiveCfg = Release|x64
		{68BC65F3-1D37-3069-9654-641CCC9A7921}.Release|x64.Build.0 = Release|x64
		{68BC65F3-1D37-3069-9654-641CCC9A7921}.MinSizeRel|x64.ActiveCfg = MinSizeRel|x64
		{68BC65F3-1D37-3069-9654-641CCC9A7921}.MinSizeRel|x64.Build.0 = MinSizeRel|x64
		{68BC65F3-1D37-3069-9654-641CCC9A7921}.RelWithDebInfo|x64.ActiveCfg = RelWithDebInfo|x64
		{68BC65F3-1D37-3069-9654-641CCC9A7921}.RelWithDebInfo|x64.Build.0 = RelWithDebInfo|x64
		{17F7EAC0-47DB-306E-9E26-175599F48DF4}.Debug|x64.ActiveCfg = Debug|x64
		{17F7EAC0-47DB-306E-9E26-175599F48DF4}.Debug|x64.Build.0 = Debug|x64
		{17F7EAC0-47DB-306E-9E26-175599F48DF4}.Release|x64.ActiveCfg = Release|x64
		{17F7EAC0-47DB-306E-9E26-175599F48DF4}.Release|x64.Build.0 = Release|x64
		{17F7EAC0-47DB-306E-9E26-175599F48DF4}.MinSizeRel|x64.ActiveCfg = MinSizeRel|x64
		{17F7EAC0-47DB-306E-9E26-175599F48DF4}.MinSizeRel|x64.Build.0 = MinSizeRel|x64
		{17F7EAC0-47DB-306E-9E26-175599F48DF4}.RelWithDebInfo|x64.ActiveCfg = RelWithDebInfo|x64
		{17F7EAC0-47DB-306E-9E26-175599F48DF4}.RelWithDebInfo|x64.Build.0 = RelWithDebInfo|x64
		{C24F6D2F-C7B1-3BA4-A4DF-AAFFE4151ED8}.Debug|x64.ActiveCfg = Debug|x64
		{C24F6D2F-C7B1-3BA4-A4DF-AAFFE4151ED8}.Release|x64.ActiveCfg = Release|x64
		{C24F6D2F-C7B1-3BA4-A4DF-AAFFE4151ED8}.MinSizeRel|x64.ActiveCfg = MinSizeRel|x64
		{C24F6D2F-C7B1-3BA4-A4DF-AAFFE4151ED8}.RelWithDebInfo|x64.ActiveCfg = RelWithDebInfo|x64
		{5993A83C-7950-3CFE-8B76-C22BE2C2C03E}.Debug|x64.ActiveCfg = Debug|x64
		{5993A83C-7950-3CFE-8B76-C22BE2C2C03E}.Debug|x64.Build.0 = Debug|x64
		{5993A83C-7950-3CFE-8B76-C22BE2C2C03E}.Release|x64.ActiveCfg = Release|x64
		{5993A83C-7950-3CFE-8B76-C22BE2C2C03E}.Release|x64.Build.0 = Release|x64
		{5993A83C-7950-3CFE-8B76-C22BE2C2C03E}.MinSizeRel|x64.ActiveCfg = MinSizeRel|x64
		{5993A83C-7950-3CFE-8B76-C22BE2C2C03E}.MinSizeRel|x64.Build.0 = MinSizeRel|x64
		{5993A83C-7950-3CFE-8B76-C22BE2C2C03E}.RelWithDebInfo|x64.ActiveCfg = RelWithDebInfo|x64
		{5993A83C-7950-3CFE-8B76-C22BE2C2C03E}.RelWithDebInfo|x64.Build.0 = RelWithDebInfo|x64
		{8C94E313-453A-34D6-B58F-89B15C4AEB26}.Debug|x64.ActiveCfg = Debug|x64
		{8C94E313-453A-34D6-B58F-89B15C4AEB26}.Debug|x64.Build.0 = Debug|x64
		{8C94E313-453A-34D6-B58F-89B15C4AEB26}.Release|x64.ActiveCfg = Release|x64
		{8C94E313-453A-34D6-B58F-89B15C4AEB26}.Release|x64.Build.0 = Release|x64
		{8C94E313-453A-34D6-B58F-89B15C4AEB26}.MinSizeRel|x64.ActiveCfg = MinSizeRel|x64
		{8C94E313-453A-34D6-B58F-89B15C4AEB26}.MinSizeRel|x64.Build.0 = MinSizeRel|x64
		{8C94E313-453A-34D6-B58F-89B15C4AEB26}.RelWithDebInfo|x64.ActiveCfg = RelWithDebInfo|x64
		{8C94E313-453A-34D6-B58F-89B15C4AEB26}.RelWithDebInfo|x64.Build.0 = RelWithDebInfo|x64
		{41FF5225-C540-3558-85BB-132C134083E7}.Debug|x64.ActiveCfg = Debug|x64
		{41FF5225-C540-3558-85BB-132C134083E7}.Debug|x64.Build.0 = Debug|x64
		{41FF5225-C540-3558-85BB-132C134083E7}.Release|x64.ActiveCfg = Release|x64
		{41FF5225-C540-3558-85BB-132C134083E7}.Release|x64.Build.0 = Release|x64
		{41FF5225-C540-3558-85BB-132C134083E7}.MinSizeRel|x64.ActiveCfg = MinSizeRel|x64
		{41FF5225-C540-3558-85BB-132C134083E7}.MinSizeRel|x64.Build.0 = MinSizeRel|x64
		{41FF5225-C540-3558-85BB-132C134083E7}.RelWithDebInfo|x64.ActiveCfg = RelWithDebInfo|x64
		{41FF5225-C540-3558-85BB-132C134083E7}.RelWithDebInfo|x64.Build.0 = RelWithDebInfo|x64
		{D0DEFDB4-EA58-3562-ADBE-1E28BEE3B981}.Debug|x64.ActiveCfg = Debug|x64
		{D0DEFDB4-EA58-3562-ADBE-1E28BEE3B981}.Debug|x64.Build.0 = Debug|x64
		{D0DEFDB4-EA58-3562-ADBE-1E28BEE3B981}.Release|x64.ActiveCfg = Release|x64
		{D0DEFDB4-EA58-3562-ADBE-1E28BEE3B981}.Release|x64.Build.0 = Release|x64
		{D0DEFDB4-EA58-3562-ADBE-1E28BEE3B981}.MinSizeRel|x64.ActiveCfg = MinSizeRel|x64
		{D0DEFDB4-EA58-3562-ADBE-1E28BEE3B981}.MinSizeRel|x64.Build.0 = MinSizeRel|x64
		{D0DEFDB4-EA58-3562-ADBE-1E28BEE3B981}.RelWithDebInfo|x64.ActiveCfg = RelWithDebInfo|x64
		{D0DEFDB4-EA58-3562-ADBE-1E28BEE3B981}.RelWithDebInfo|x64.Build.0 = RelWithDebInfo|x64
		{79489EAB-2E56-32AD-BB1A-96325D2E5FE3}.Debug|x64.ActiveCfg = Debug|x64
		{79489EAB-2E56-32AD-BB1A-96325D2E5FE3}.Debug|x64.Build.0 = Debug|x64
		{79489EAB-2E56-32AD-BB1A-96325D2E5FE3}.Release|x64.ActiveCfg = Release|x64
		{79489EAB-2E56-32AD-BB1A-96325D2E5FE3}.Release|x64.Build.0 = Release|x64
		{79489EAB-2E56-32AD-BB1A-96325D2E5FE3}.MinSizeRel|x64.ActiveCfg = MinSizeRel|x64
		{79489EAB-2E56-32AD-BB1A-96325D2E5FE3}.MinSizeRel|x64.Build.0 = MinSizeRel|x64
		{79489EAB-2E56-32AD-BB1A-96325D2E5FE3}.RelWithDebInfo|x64.ActiveCfg = RelWithDebInfo|x64
		{79489EAB-2E56-32AD-BB1A-96325D2E5FE3}.RelWithDebInfo|x64.Build.0 = RelWithDebInfo|x64
		{FD84B563-9336-352C-B0B6-2A4930004601}.Debug|x64.ActiveCfg = Debug|x64
		{FD84B563-9336-352C-B0B6-2A4930004601}.Debug|x64.Build.0 = Debug|x64
		{FD84B563-9336-352C-B0B6-2A4930004601}.Release|x64.ActiveCfg = Release|x64
		{FD84B563-9336-352C-B0B6-2A4930004601}.Release|x64.Build.0 = Release|x64
		{FD84B563-9336-352C-B0B6-2A4930004601}.MinSizeRel|x64.ActiveCfg = MinSizeRel|x64
		{FD84B563-9336-352C-B0B6-2A4930004601}.MinSizeRel|x64.Build.0 = MinSizeRel|x64
		{FD84B563-9336-352C-B0B6-2A4930004601}.RelWithDebInfo|x64.ActiveCfg = RelWithDebInfo|x64
		{FD84B563-9336-352C-B0B6-2A4930004601}.RelWithDebInfo|x64.Build.0 = RelWithDebInfo|x64
		{CEF5C491-F313-39F0-850C-5AE1B2D3E4C5}.Debug|x64.ActiveCfg = Debug|x64
		{CEF5C491-F313-39F0-850C-5AE1B2D3E4C5}.Debug|x64.Build.0 = Debug|x64
		{CEF5C491-F313-39F0-850C-5AE1B2D3E4C5}.Release|x64.ActiveCfg = Release|x64
		{CEF5C491-F313-39F0-850C-5AE1B2D3E4C5}.Release|x64.Build.0 = Release|x64
		{CEF5C491-F313-39F0-850C-5AE1B2D3E4C5}.MinSizeRel|x64.ActiveCfg = MinSizeRel|x64
		{CEF5C491-F313-39F0-850C-5AE1B2D3E4C5}.MinSizeRel|x64.Build.0 = MinSizeRel|x64
		{CEF5C491-F313-39F0-850C-5AE1B2D3E4C5}.RelWithDebInfo|x64.ActiveCfg = RelWithDebInfo|x64
		{CEF5C491-F313-39F0-850C-5AE1B2D3E4C5}.RelWithDebInfo|x64.Build.0 = RelWithDebInfo|x64
		{87B66187-C2F0-362D-9E31-1B29560725CD}.Debug|x64.ActiveCfg = Debug|x64
		{87B66187-C2F0-362D-9E31-1B29560725CD}.Debug|x64.Build.0 = Debug|x64
		{87B66187-C2F0-362D-9E31-1B29560725CD}.Release|x64.ActiveCfg = Release|x64
		{87B66187-C2F0-362D-9E31-1B29560725CD}.Release|x64.Build.0 = Release|x64
		{87B66187-C2F0-362D-9E31-1B29560725CD}.MinSizeRel|x64.ActiveCfg = MinSizeRel|x64
		{87B66187-C2F0-362D-9E31-1B29560725CD}.MinSizeRel|x64.Build.0 = MinSizeRel|x64
		{87B66187-C2F0-362D-9E31-1B29560725CD}.RelWithDebInfo|x64.ActiveCfg = RelWithDebInfo|x64
		{87B66187-C2F0-362D-9E31-1B29560725CD}.RelWithDebInfo|x64.Build.0 = RelWithDebInfo|x64
		{2EC96826-3510-37ED-96D2-0E3D3DCE285C}.Debug|x64.ActiveCfg = Debug|x64
		{2EC96826-3510-37ED-96D2-0E3D3DCE285C}.Debug|x64.Build.0 = Debug|x64
		{2EC96826-3510-37ED-96D2-0E3D3DCE285C}.Release|x64.ActiveCfg = Release|x64
		{2EC96826-3510-37ED-96D2-0E3D3DCE285C}.Release|x64.Build.0 = Release|x64
		{2EC96826-3510-37ED-96D2-0E3D3DCE285C}.MinSizeRel|x64.ActiveCfg = MinSizeRel|x64
		{2EC96826-3510-37ED-96D2-0E3D3DCE285C}.MinSizeRel|x64.Build.0 = MinSizeRel|x64
		{2EC96826-3510-37ED-96D2-0E3D3DCE285C}.RelWithDebInfo|x64.ActiveCfg = RelWithDebInfo|x64
		{2EC96826-3510-37ED-96D2-0E3D3DCE285C}.RelWithDebInfo|x64.Build.0 = RelWithDebInfo|x64
		{F3793F3E-C772-38BF-B1B3-1038D9450ACB}.Debug|x64.ActiveCfg = Debug|x64
		{F3793F3E-C772-38BF-B1B3-1038D9450ACB}.Debug|x64.Build.0 = Debug|x64
		{F3793F3E-C772-38BF-B1B3-1038D9450ACB}.Release|x64.ActiveCfg = Release|x64
		{F3793F3E-C772-38BF-B1B3-1038D9450ACB}.Release|x64.Build.0 = Release|x64
		{F3793F3E-C772-38BF-B1B3-1038D9450ACB}.MinSizeRel|x64.ActiveCfg = MinSizeRel|x64
		{F3793F3E-C772-38BF-B1B3-1038D9450ACB}.MinSizeRel|x64.Build.0 = MinSizeRel|x64
		{F3793F3E-C772-38BF-B1B3-1038D9450ACB}.RelWithDebInfo|x64.ActiveCfg = RelWithDebInfo|x64
		{F3793F3E-C772-38BF-B1B3-1038D9450ACB}.RelWithDebInfo|x64.Build.0 = RelWithDebInfo|x64
		{729ED9EB-9898-3864-8A08-76CC68176208}.Debug|x64.ActiveCfg = Debug|x64
		{729ED9EB-9898-3864-8A08-76CC68176208}.Debug|x64.Build.0 = Debug|x64
		{729ED9EB-9898-3864-8A08-76CC68176208}.Release|x64.ActiveCfg = Release|x64
		{729ED9EB-9898-3864-8A08-76CC68176208}.Release|x64.Build.0 = Release|x64
		{729ED9EB-9898-3864-8A08-76CC68176208}.MinSizeRel|x64.ActiveCfg = MinSizeRel|x64
		{729ED9EB-9898-3864-8A08-76CC68176208}.MinSizeRel|x64.Build.0 = MinSizeRel|x64
		{729ED9EB-9898-3864-8A08-76CC68176208}.RelWithDebInfo|x64.ActiveCfg = RelWithDebInfo|x64
		{729ED9EB-9898-3864-8A08-76CC68176208}.RelWithDebInfo|x64.Build.0 = RelWithDebInfo|x64
		{E50083F0-D974-3395-9480-F584DD06F45E}.Debug|x64.ActiveCfg = Debug|x64
		{E50083F0-D974-3395-9480-F584DD06F45E}.Debug|x64.Build.0 = Debug|x64
		{E50083F0-D974-3395-9480-F584DD06F45E}.Release|x64.ActiveCfg = Release|x64
		{E50083F0-D974-3395-9480-F584DD06F45E}.Release|x64.Build.0 = Release|x64
		{E50083F0-D974-3395-9480-F584DD06F45E}.MinSizeRel|x64.ActiveCfg = MinSizeRel|x64
		{E50083F0-D974-3395-9480-F584DD06F45E}.MinSizeRel|x64.Build.0 = MinSizeRel|x64
		{E50083F0-D974-3395-9480-F584DD06F45E}.RelWithDebInfo|x64.ActiveCfg = RelWithDebInfo|x64
		{E50083F0-D974-3395-9480-F584DD06F45E}.RelWithDebInfo|x64.Build.0 = RelWithDebInfo|x64
		{31AA19CE-F9E9-3B31-95F3-030D7AA6E09F}.Debug|x64.ActiveCfg = Debug|x64
		{31AA19CE-F9E9-3B31-95F3-030D7AA6E09F}.Debug|x64.Build.0 = Debug|x64
		{31AA19CE-F9E9-3B31-95F3-030D7AA6E09F}.Release|x64.ActiveCfg = Release|x64
		{31AA19CE-F9E9-3B31-95F3-030D7AA6E09F}.Release|x64.Build.0 = Release|x64
		{31AA19CE-F9E9-3B31-95F3-030D7AA6E09F}.MinSizeRel|x64.ActiveCfg = MinSizeRel|x64
		{31AA19CE-F9E9-3B31-95F3-030D7AA6E09F}.MinSizeRel|x64.Build.0 = MinSizeRel|x64
		{31AA19CE-F9E9-3B31-95F3-030D7AA6E09F}.RelWithDebInfo|x64.ActiveCfg = RelWithDebInfo|x64
		{31AA19CE-F9E9-3B31-95F3-030D7AA6E09F}.RelWithDebInfo|x64.Build.0 = RelWithDebInfo|x64
		{121EC6D9-9097-3401-809E-E0732E528B74}.Debug|x64.ActiveCfg = Debug|x64
		{121EC6D9-9097-3401-809E-E0732E528B74}.Debug|x64.Build.0 = Debug|x64
		{121EC6D9-9097-3401-809E-E0732E528B74}.Release|x64.ActiveCfg = Release|x64
		{121EC6D9-9097-3401-809E-E0732E528B74}.Release|x64.Build.0 = Release|x64
		{121EC6D9-9097-3401-809E-E0732E528B74}.MinSizeRel|x64.ActiveCfg = MinSizeRel|x64
		{121EC6D9-9097-3401-809E-E0732E528B74}.MinSizeRel|x64.Build.0 = MinSizeRel|x64
		{121EC6D9-9097-3401-809E-E0732E528B74}.RelWithDebInfo|x64.ActiveCfg = RelWithDebInfo|x64
		{121EC6D9-9097-3401-809E-E0732E528B74}.RelWithDebInfo|x64.Build.0 = RelWithDebInfo|x64
		{EBB82C92-3750-3A62-92B4-B51F73E932EC}.Debug|x64.ActiveCfg = Debug|x64
		{EBB82C92-3750-3A62-92B4-B51F73E932EC}.Debug|x64.Build.0 = Debug|x64
		{EBB82C92-3750-3A62-92B4-B51F73E932EC}.Release|x64.ActiveCfg = Release|x64
		{EBB82C92-3750-3A62-92B4-B51F73E932EC}.Release|x64.Build.0 = Release|x64
		{EBB82C92-3750-3A62-92B4-B51F73E932EC}.MinSizeRel|x64.ActiveCfg = MinSizeRel|x64
		{EBB82C92-3750-3A62-92B4-B51F73E932EC}.MinSizeRel|x64.Build.0 = MinSizeRel|x64
		{EBB82C92-3750-3A62-92B4-B51F73E932EC}.RelWithDebInfo|x64.ActiveCfg = RelWithDebInfo|x64
		{EBB82C92-3750-3A62-92B4-B51F73E932EC}.RelWithDebInfo|x64.Build.0 = RelWithDebInfo|x64
		{6FE4089D-2F49-3892-A4A5-9D033AB0CE77}.Debug|x64.ActiveCfg = Debug|x64
		{6FE4089D-2F49-3892-A4A5-9D033AB0CE77}.Debug|x64.Build.0 = Debug|x64
		{6FE4089D-2F49-3892-A4A5-9D033AB0CE77}.Release|x64.ActiveCfg = Release|x64
		{6FE4089D-2F49-3892-A4A5-9D033AB0CE77}.Release|x64.Build.0 = Release|x64
		{6FE4089D-2F49-3892-A4A5-9D033AB0CE77}.MinSizeRel|x64.ActiveCfg = MinSizeRel|x64
		{6FE4089D-2F49-3892-A4A5-9D033AB0CE77}.MinSizeRel|x64.Build.0 = MinSizeRel|x64
		{6FE4089D-2F49-3892-A4A5-9D033AB0CE77}.RelWithDebInfo|x64.ActiveCfg = RelWithDebInfo|x64
		{6FE4089D-2F49-3892-A4A5-9D033AB0CE77}.RelWithDebInfo|x64.Build.0 = RelWithDebInfo|x64
		{E0FBE818-CCED-3198-BF66-01EC76660E91}.Debug|x64.ActiveCfg = Debug|x64
		{E0FBE818-CCED-3198-BF66-01EC76660E91}.Debug|x64.Build.0 = Debug|x64
		{E0FBE818-CCED-3198-BF66-01EC76660E91}.Release|x64.ActiveCfg = Release|x64
		{E0FBE818-CCED-3198-BF66-01EC76660E91}.Release|x64.Build.0 = Release|x64
		{E0FBE818-CCED-3198-BF66-01EC76660E91}.MinSizeRel|x64.ActiveCfg = MinSizeRel|x64
		{E0FBE818-CCED-3198-BF66-01EC76660E91}.MinSizeRel|x64.Build.0 = MinSizeRel|x64
		{E0FBE818-CCED-3198-BF66-01EC76660E91}.RelWithDebInfo|x64.ActiveCfg = RelWithDebInfo|x64
		{E0FBE818-CCED-3198-BF66-01EC76660E91}.RelWithDebInfo|x64.Build.0 = RelWithDebInfo|x64
		{A8DB3BE9-A345-3718-B0D0-602655032BA1}.Debug|x64.ActiveCfg = Debug|x64
		{A8DB3BE9-A345-3718-B0D0-602655032BA1}.Debug|x64.Build.0 = Debug|x64
		{A8DB3BE9-A345-3718-B0D0-602655032BA1}.Release|x64.ActiveCfg = Release|x64
		{A8DB3BE9-A345-3718-B0D0-602655032BA1}.Release|x64.Build.0 = Release|x64
		{A8DB3BE9-A345-3718-B0D0-602655032BA1}.MinSizeRel|x64.ActiveCfg = MinSizeRel|x64
		{A8DB3BE9-A345-3718-B0D0-602655032BA1}.MinSizeRel|x64.Build.0 = MinSizeRel|x64
		{A8DB3BE9-A345-3718-B0D0-602655032BA1}.RelWithDebInfo|x64.ActiveCfg = RelWithDebInfo|x64
		{A8DB3BE9-A345-3718-B0D0-602655032BA1}.RelWithDebInfo|x64.Build.0 = RelWithDebInfo|x64
		{A1C70B44-60E5-321A-BAF3-8A6D1E9E550B}.Debug|x64.ActiveCfg = Debug|x64
		{A1C70B44-60E5-321A-BAF3-8A6D1E9E550B}.Debug|x64.Build.0 = Debug|x64
		{A1C70B44-60E5-321A-BAF3-8A6D1E9E550B}.Release|x64.ActiveCfg = Release|x64
		{A1C70B44-60E5-321A-BAF3-8A6D1E9E550B}.Release|x64.Build.0 = Release|x64
		{A1C70B44-60E5-321A-BAF3-8A6D1E9E550B}.MinSizeRel|x64.ActiveCfg = MinSizeRel|x64
		{A1C70B44-60E5-321A-BAF3-8A6D1E9E550B}.MinSizeRel|x64.Build.0 = MinSizeRel|x64
		{A1C70B44-60E5-321A-BAF3-8A6D1E9E550B}.RelWithDebInfo|x64.ActiveCfg = RelWithDebInfo|x64
		{A1C70B44-60E5-321A-BAF3-8A6D1E9E550B}.RelWithDebInfo|x64.Build.0 = RelWithDebInfo|x64
		{245910D5-36F9-394E-ADB2-2057387EC867}.Debug|x64.ActiveCfg = Debug|x64
		{245910D5-36F9-394E-ADB2-2057387EC867}.Debug|x64.Build.0 = Debug|x64
		{245910D5-36F9-394E-ADB2-2057387EC867}.Release|x64.ActiveCfg = Release|x64
		{245910D5-36F9-394E-ADB2-2057387EC867}.Release|x64.Build.0 = Release|x64
		{245910D5-36F9-394E-ADB2-2057387EC867}.MinSizeRel|x64.ActiveCfg = MinSizeRel|x64
		{245910D5-36F9-394E-ADB2-2057387EC867}.MinSizeRel|x64.Build.0 = MinSizeRel|x64
		{245910D5-36F9-394E-ADB2-2057387EC867}.RelWithDebInfo|x64.ActiveCfg = RelWithDebInfo|x64
		{245910D5-36F9-394E-ADB2-2057387EC867}.RelWithDebInfo|x64.Build.0 = RelWithDebInfo|x64
		{447BF676-1BB2-32F9-B444-07E4DC416B2D}.Debug|x64.ActiveCfg = Debug|x64
		{447BF676-1BB2-32F9-B444-07E4DC416B2D}.Debug|x64.Build.0 = Debug|x64
		{447BF676-1BB2-32F9-B444-07E4DC416B2D}.Release|x64.ActiveCfg = Release|x64
		{447BF676-1BB2-32F9-B444-07E4DC416B2D}.Release|x64.Build.0 = Release|x64
		{447BF676-1BB2-32F9-B444-07E4DC416B2D}.MinSizeRel|x64.ActiveCfg = MinSizeRel|x64
		{447BF676-1BB2-32F9-B444-07E4DC416B2D}.MinSizeRel|x64.Build.0 = MinSizeRel|x64
		{447BF676-1BB2-32F9-B444-07E4DC416B2D}.RelWithDebInfo|x64.ActiveCfg = RelWithDebInfo|x64
		{447BF676-1BB2-32F9-B444-07E4DC416B2D}.RelWithDebInfo|x64.Build.0 = RelWithDebInfo|x64
	EndGlobalSection
	GlobalSection(ExtensibilityGlobals) = postSolution
		SolutionGuid = {D5967E4F-F3E5-33E4-BCC2-D3D9CDEED7D7}
	EndGlobalSection
	GlobalSection(ExtensibilityAddIns) = postSolution
	EndGlobalSection
EndGlobal
