<?xml version="1.0" encoding="utf-8"?>
<Project ToolsVersion="16.0" xmlns="http://schemas.microsoft.com/developer/msbuild/2003">
  <ItemGroup>
    <CustomBuild Include="C:\Dev\TermProject\CMakeFiles\f6e85694f047abd16763235f1ce821ec\generate.stamp.rule">
      <Filter>CMake Rules</Filter>
    </CustomBuild>
  </ItemGroup>
  <ItemGroup>
    <Filter Include="CMake Rules">
      <UniqueIdentifier>{67125B8C-14DC-3F83-810D-71F9EF87D735}</UniqueIdentifier>
    </Filter>
  </ItemGroup>
</Project>
